// !$*UTF8*$!
{
	archiveVersion = 1;
	classes = {
	};
	objectVersion = 46;
	objects = {

/* Begin PBXBuildFile section */
		501029651B7DF2E600118A4F /* GameLogic.m in Sources */ = {isa = PBXBuildFile; fileRef = 501029641B7DF2E600118A4F /* GameLogic.m */; };
		501029671B7E068E00118A4F /* ViewController3.m in Sources */ = {isa = PBXBuildFile; fileRef = 501029661B7E068E00118A4F /* ViewController3.m */; };
		50398C9D1B7DBB8B00E39663 /* main.m in Sources */ = {isa = PBXBuildFile; fileRef = 50398C9C1B7DBB8B00E39663 /* main.m */; };
		50398CA01B7DBB8B00E39663 /* AppDelegate.m in Sources */ = {isa = PBXBuildFile; fileRef = 50398C9F1B7DBB8B00E39663 /* AppDelegate.m */; };
		50398CA31B7DBB8B00E39663 /* ViewController.m in Sources */ = {isa = PBXBuildFile; fileRef = 50398CA21B7DBB8B00E39663 /* ViewController.m */; };
		50398CA61B7DBB8B00E39663 /* Main.storyboard in Resources */ = {isa = PBXBuildFile; fileRef = 50398CA41B7DBB8B00E39663 /* Main.storyboard */; };
		50398CA81B7DBB8B00E39663 /* Images.xcassets in Resources */ = {isa = PBXBuildFile; fileRef = 50398CA71B7DBB8B00E39663 /* Images.xcassets */; };
		50398CAB1B7DBB8B00E39663 /* LaunchScreen.xib in Resources */ = {isa = PBXBuildFile; fileRef = 50398CA91B7DBB8B00E39663 /* LaunchScreen.xib */; };
		50398CB71B7DBB8B00E39663 /* D_Light_Test1Tests.m in Sources */ = {isa = PBXBuildFile; fileRef = 50398CB61B7DBB8B00E39663 /* D_Light_Test1Tests.m */; };
		508540F91B7DCE2600CE867C /* ViewController2.m in Sources */ = {isa = PBXBuildFile; fileRef = 508540F81B7DCE2600CE867C /* ViewController2.m */; };
		508540FD1B7DD92E00CE867C /* boyBody.png in Resources */ = {isa = PBXBuildFile; fileRef = 508540FB1B7DD92E00CE867C /* boyBody.png */; };
		508540FE1B7DD92E00CE867C /* girlBody.jpeg in Resources */ = {isa = PBXBuildFile; fileRef = 508540FC1B7DD92E00CE867C /* girlBody.jpeg */; };
		50C292621B837C9C007944C4 /* Constants.m in Sources */ = {isa = PBXBuildFile; fileRef = 50C292611B837C9C007944C4 /* Constants.m */; };
		C14EA51A1BABE29500B9661F /* UIKit.framework in Frameworks */ = {isa = PBXBuildFile; fileRef = C14EA5191BABE29500B9661F /* UIKit.framework */; };
		C14EA51C1BABE49800B9661F /* AVFoundation.framework in Frameworks */ = {isa = PBXBuildFile; fileRef = C14EA51B1BABE49800B9661F /* AVFoundation.framework */; };
		C14EA51F1BAC03B300B9661F /* Decision2.m in Sources */ = {isa = PBXBuildFile; fileRef = C14EA51E1BAC03B300B9661F /* Decision2.m */; };
		C14EA5211BAC03D600B9661F /* Answer2.m in Sources */ = {isa = PBXBuildFile; fileRef = C14EA5201BAC03D600B9661F /* Answer2.m */; };
		C14EA5251BB501A400B9661F /* Answer3.m in Sources */ = {isa = PBXBuildFile; fileRef = C14EA5241BB501A400B9661F /* Answer3.m */; };
		C14EA5271BB50A5100B9661F /* Decision4.m in Sources */ = {isa = PBXBuildFile; fileRef = C14EA5261BB50A5100B9661F /* Decision4.m */; };
		C14EA52B1BB50D6300B9661F /* sunscreen.gif in Resources */ = {isa = PBXBuildFile; fileRef = C14EA52A1BB50D6300B9661F /* sunscreen.gif */; };
		C14EA52E1BB5138100B9661F /* Answer4.m in Sources */ = {isa = PBXBuildFile; fileRef = C14EA52D1BB5138100B9661F /* Answer4.m */; };
		C14EA5311BB51D3A00B9661F /* Decision5.m in Sources */ = {isa = PBXBuildFile; fileRef = C14EA5301BB51D3A00B9661F /* Decision5.m */; };
		C14EA5341BB5216E00B9661F /* Answer5.m in Sources */ = {isa = PBXBuildFile; fileRef = C14EA5331BB5216E00B9661F /* Answer5.m */; };
		C14EA5371BB526AF00B9661F /* Decision6.m in Sources */ = {isa = PBXBuildFile; fileRef = C14EA5361BB526AF00B9661F /* Decision6.m */; };
		C14EA5391BB52C2700B9661F /* food1.png in Resources */ = {isa = PBXBuildFile; fileRef = C14EA5381BB52C2700B9661F /* food1.png */; };
		C14EA53C1BB52C3A00B9661F /* food2.png in Resources */ = {isa = PBXBuildFile; fileRef = C14EA53A1BB52C3A00B9661F /* food2.png */; };
		C14EA53D1BB52C3A00B9661F /* food3.png in Resources */ = {isa = PBXBuildFile; fileRef = C14EA53B1BB52C3A00B9661F /* food3.png */; };
		C14EA53F1BB52C4E00B9661F /* plate.png in Resources */ = {isa = PBXBuildFile; fileRef = C14EA53E1BB52C4E00B9661F /* plate.png */; };
		C14EA5411BB543BE00B9661F /* Answer6.m in Sources */ = {isa = PBXBuildFile; fileRef = C14EA5401BB543BE00B9661F /* Answer6.m */; };
		E524AA1C1BA15FC5003B6AD5 /* eyes.png in Resources */ = {isa = PBXBuildFile; fileRef = E524AA1B1BA15FC5003B6AD5 /* eyes.png */; };
		E5258AF71BABC5CC00CD9674 /* Decision1.m in Sources */ = {isa = PBXBuildFile; fileRef = E5258AF61BABC5CC00CD9674 /* Decision1.m */; };
		E5258AFB1BABCD0800CD9674 /* Answer1.m in Sources */ = {isa = PBXBuildFile; fileRef = E5258AFA1BABCD0800CD9674 /* Answer1.m */; };
		E5258AFE1BABD7C700CD9674 /* AudioToolbox.framework in Frameworks */ = {isa = PBXBuildFile; fileRef = E5258AFD1BABD7C700CD9674 /* AudioToolbox.framework */; };
		E5258B011BABD8EE00CD9674 /* Explanation1.m in Sources */ = {isa = PBXBuildFile; fileRef = E5258B001BABD8EE00CD9674 /* Explanation1.m */; };
		E5258B041BABF6DC00CD9674 /* Decision3.m in Sources */ = {isa = PBXBuildFile; fileRef = E5258B031BABF6DC00CD9674 /* Decision3.m */; };
		E532F3351BBA6E75004406B8 /* Decision7.m in Sources */ = {isa = PBXBuildFile; fileRef = E532F3341BBA6E75004406B8 /* Decision7.m */; };
		E532F3381BBA6E99004406B8 /* Answer7.m in Sources */ = {isa = PBXBuildFile; fileRef = E532F3371BBA6E99004406B8 /* Answer7.m */; };
		E532F33B1BBA6EBC004406B8 /* Decison8.m in Sources */ = {isa = PBXBuildFile; fileRef = E532F33A1BBA6EBC004406B8 /* Decison8.m */; };
		E532F33E1BBA6EE9004406B8 /* Answer8.m in Sources */ = {isa = PBXBuildFile; fileRef = E532F33D1BBA6EE9004406B8 /* Answer8.m */; };
		E532F3411BBA6F23004406B8 /* FinalSlide.m in Sources */ = {isa = PBXBuildFile; fileRef = E532F3401BBA6F23004406B8 /* FinalSlide.m */; };
		E532F3431BBA74B5004406B8 /* applause.mp3 in Resources */ = {isa = PBXBuildFile; fileRef = E532F3421BBA74B5004406B8 /* applause.mp3 */; };
		E532F3461BBA756C004406B8 /* Explanation2.m in Sources */ = {isa = PBXBuildFile; fileRef = E532F3451BBA756C004406B8 /* Explanation2.m */; };
		E532F3491BBA7594004406B8 /* Explanation3.m in Sources */ = {isa = PBXBuildFile; fileRef = E532F3481BBA7594004406B8 /* Explanation3.m */; };
		E532F34C1BBA75B4004406B8 /* Explanation4.m in Sources */ = {isa = PBXBuildFile; fileRef = E532F34B1BBA75B4004406B8 /* Explanation4.m */; };
		E54EFF5C1BC2686E00AD1EEA /* VillainAngry1.png in Resources */ = {isa = PBXBuildFile; fileRef = E54EFF561BC2686E00AD1EEA /* VillainAngry1.png */; };
		E54EFF5D1BC2686E00AD1EEA /* VillainFailSitting1.png in Resources */ = {isa = PBXBuildFile; fileRef = E54EFF571BC2686E00AD1EEA /* VillainFailSitting1.png */; };
		E54EFF5E1BC2686E00AD1EEA /* VillainFailSitting2.png in Resources */ = {isa = PBXBuildFile; fileRef = E54EFF581BC2686E00AD1EEA /* VillainFailSitting2.png */; };
		E54EFF5F1BC2686E00AD1EEA /* VillainFailStanding.png in Resources */ = {isa = PBXBuildFile; fileRef = E54EFF591BC2686E00AD1EEA /* VillainFailStanding.png */; };
		E54EFF601BC2686E00AD1EEA /* VillainSuccess.png in Resources */ = {isa = PBXBuildFile; fileRef = E54EFF5A1BC2686E00AD1EEA /* VillainSuccess.png */; };
		E54EFF611BC2686E00AD1EEA /* VillainTongue1.png in Resources */ = {isa = PBXBuildFile; fileRef = E54EFF5B1BC2686E00AD1EEA /* VillainTongue1.png */; };
		E560AED81BC223310060C059 /* bedroom_background.svg in Resources */ = {isa = PBXBuildFile; fileRef = E560AED71BC223310060C059 /* bedroom_background.svg */; };
		E5BB4DE61BA2849800C9C7A0 /* boyFace.png in Resources */ = {isa = PBXBuildFile; fileRef = E5BB4DE51BA2849800C9C7A0 /* boyFace.png */; };
		E5BB4DE81BA2862D00C9C7A0 /* Character.m in Sources */ = {isa = PBXBuildFile; fileRef = E5BB4DE71BA2862D00C9C7A0 /* Character.m */; };
		E5BB4DEB1BA2895A00C9C7A0 /* boyHair0.png in Resources */ = {isa = PBXBuildFile; fileRef = E5BB4DEA1BA2895A00C9C7A0 /* boyHair0.png */; };
		E5BB4DF01BA2B07A00C9C7A0 /* boyHair1.png in Resources */ = {isa = PBXBuildFile; fileRef = E5BB4DEC1BA2B07A00C9C7A0 /* boyHair1.png */; };
		E5BB4DF11BA2B07A00C9C7A0 /* girlFace.png in Resources */ = {isa = PBXBuildFile; fileRef = E5BB4DED1BA2B07A00C9C7A0 /* girlFace.png */; };
		E5BB4DF21BA2B07A00C9C7A0 /* girlHair0.png in Resources */ = {isa = PBXBuildFile; fileRef = E5BB4DEE1BA2B07A00C9C7A0 /* girlHair0.png */; };
		E5BB4DF31BA2B07A00C9C7A0 /* girlHair1.png in Resources */ = {isa = PBXBuildFile; fileRef = E5BB4DEF1BA2B07A00C9C7A0 /* girlHair1.png */; };
/* End PBXBuildFile section */

/* Begin PBXContainerItemProxy section */
		50398CB11B7DBB8B00E39663 /* PBXContainerItemProxy */ = {
			isa = PBXContainerItemProxy;
			containerPortal = 50398C8F1B7DBB8B00E39663 /* Project object */;
			proxyType = 1;
			remoteGlobalIDString = 50398C961B7DBB8B00E39663;
			remoteInfo = D_Light_Test1;
		};
/* End PBXContainerItemProxy section */

/* Begin PBXFileReference section */
		501029631B7DF2D500118A4F /* GameLogic.h */ = {isa = PBXFileReference; lastKnownFileType = sourcecode.c.h; path = GameLogic.h; sourceTree = "<group>"; };
		501029641B7DF2E600118A4F /* GameLogic.m */ = {isa = PBXFileReference; fileEncoding = 4; lastKnownFileType = sourcecode.c.objc; path = GameLogic.m; sourceTree = "<group>"; };
		501029661B7E068E00118A4F /* ViewController3.m */ = {isa = PBXFileReference; fileEncoding = 4; lastKnownFileType = sourcecode.c.objc; path = ViewController3.m; sourceTree = "<group>"; };
		501029681B7E069F00118A4F /* ViewController3.h */ = {isa = PBXFileReference; lastKnownFileType = sourcecode.c.h; path = ViewController3.h; sourceTree = "<group>"; };
		50398C971B7DBB8B00E39663 /* D_Light_Test1.app */ = {isa = PBXFileReference; explicitFileType = wrapper.application; includeInIndex = 0; path = D_Light_Test1.app; sourceTree = BUILT_PRODUCTS_DIR; };
		50398C9B1B7DBB8B00E39663 /* Info.plist */ = {isa = PBXFileReference; lastKnownFileType = text.plist.xml; path = Info.plist; sourceTree = "<group>"; };
		50398C9C1B7DBB8B00E39663 /* main.m */ = {isa = PBXFileReference; lastKnownFileType = sourcecode.c.objc; path = main.m; sourceTree = "<group>"; };
		50398C9E1B7DBB8B00E39663 /* AppDelegate.h */ = {isa = PBXFileReference; lastKnownFileType = sourcecode.c.h; path = AppDelegate.h; sourceTree = "<group>"; };
		50398C9F1B7DBB8B00E39663 /* AppDelegate.m */ = {isa = PBXFileReference; lastKnownFileType = sourcecode.c.objc; path = AppDelegate.m; sourceTree = "<group>"; };
		50398CA11B7DBB8B00E39663 /* ViewController.h */ = {isa = PBXFileReference; lastKnownFileType = sourcecode.c.h; path = ViewController.h; sourceTree = "<group>"; };
		50398CA21B7DBB8B00E39663 /* ViewController.m */ = {isa = PBXFileReference; lastKnownFileType = sourcecode.c.objc; path = ViewController.m; sourceTree = "<group>"; };
		50398CA51B7DBB8B00E39663 /* Base */ = {isa = PBXFileReference; lastKnownFileType = file.storyboard; name = Base; path = Base.lproj/Main.storyboard; sourceTree = "<group>"; };
		50398CA71B7DBB8B00E39663 /* Images.xcassets */ = {isa = PBXFileReference; lastKnownFileType = folder.assetcatalog; path = Images.xcassets; sourceTree = "<group>"; };
		50398CAA1B7DBB8B00E39663 /* Base */ = {isa = PBXFileReference; lastKnownFileType = file.xib; name = Base; path = Base.lproj/LaunchScreen.xib; sourceTree = "<group>"; };
		50398CB01B7DBB8B00E39663 /* D_Light_Test1Tests.xctest */ = {isa = PBXFileReference; explicitFileType = wrapper.cfbundle; includeInIndex = 0; path = D_Light_Test1Tests.xctest; sourceTree = BUILT_PRODUCTS_DIR; };
		50398CB51B7DBB8B00E39663 /* Info.plist */ = {isa = PBXFileReference; lastKnownFileType = text.plist.xml; path = Info.plist; sourceTree = "<group>"; };
		50398CB61B7DBB8B00E39663 /* D_Light_Test1Tests.m */ = {isa = PBXFileReference; lastKnownFileType = sourcecode.c.objc; path = D_Light_Test1Tests.m; sourceTree = "<group>"; };
		508540F81B7DCE2600CE867C /* ViewController2.m */ = {isa = PBXFileReference; fileEncoding = 4; lastKnownFileType = sourcecode.c.objc; path = ViewController2.m; sourceTree = "<group>"; };
		508540FA1B7DD0A300CE867C /* ViewController2.h */ = {isa = PBXFileReference; lastKnownFileType = sourcecode.c.h; path = ViewController2.h; sourceTree = "<group>"; };
		508540FB1B7DD92E00CE867C /* boyBody.png */ = {isa = PBXFileReference; lastKnownFileType = image.png; name = boyBody.png; path = Images.xcassets/boyBody.png; sourceTree = "<group>"; };
		508540FC1B7DD92E00CE867C /* girlBody.jpeg */ = {isa = PBXFileReference; lastKnownFileType = image.jpeg; name = girlBody.jpeg; path = Images.xcassets/girlBody.jpeg; sourceTree = "<group>"; };
		50C292611B837C9C007944C4 /* Constants.m */ = {isa = PBXFileReference; fileEncoding = 4; lastKnownFileType = sourcecode.c.objc; path = Constants.m; sourceTree = "<group>"; };
		50C292631B837CAF007944C4 /* Constants.h */ = {isa = PBXFileReference; lastKnownFileType = sourcecode.c.h; path = Constants.h; sourceTree = "<group>"; };
		C14EA5191BABE29500B9661F /* UIKit.framework */ = {isa = PBXFileReference; lastKnownFileType = wrapper.framework; name = UIKit.framework; path = System/Library/Frameworks/UIKit.framework; sourceTree = SDKROOT; };
		C14EA51B1BABE49800B9661F /* AVFoundation.framework */ = {isa = PBXFileReference; lastKnownFileType = wrapper.framework; name = AVFoundation.framework; path = System/Library/Frameworks/AVFoundation.framework; sourceTree = SDKROOT; };
		C14EA51D1BAC039000B9661F /* Decision2.h */ = {isa = PBXFileReference; lastKnownFileType = sourcecode.c.h; path = Decision2.h; sourceTree = "<group>"; };
		C14EA51E1BAC03B300B9661F /* Decision2.m */ = {isa = PBXFileReference; fileEncoding = 4; lastKnownFileType = sourcecode.c.objc; path = Decision2.m; sourceTree = "<group>"; };
		C14EA5201BAC03D600B9661F /* Answer2.m */ = {isa = PBXFileReference; fileEncoding = 4; lastKnownFileType = sourcecode.c.objc; path = Answer2.m; sourceTree = "<group>"; };
		C14EA5221BAC03EA00B9661F /* Answer2.h */ = {isa = PBXFileReference; lastKnownFileType = sourcecode.c.h; path = Answer2.h; sourceTree = "<group>"; };
		C14EA5231BB5015F00B9661F /* Answer3.h */ = {isa = PBXFileReference; lastKnownFileType = sourcecode.c.h; path = Answer3.h; sourceTree = "<group>"; };
		C14EA5241BB501A400B9661F /* Answer3.m */ = {isa = PBXFileReference; fileEncoding = 4; lastKnownFileType = sourcecode.c.objc; path = Answer3.m; sourceTree = "<group>"; };
		C14EA5261BB50A5100B9661F /* Decision4.m */ = {isa = PBXFileReference; fileEncoding = 4; lastKnownFileType = sourcecode.c.objc; path = Decision4.m; sourceTree = "<group>"; };
		C14EA5291BB50AA200B9661F /* Decision4.h */ = {isa = PBXFileReference; lastKnownFileType = sourcecode.c.h; path = Decision4.h; sourceTree = "<group>"; };
		C14EA52A1BB50D6300B9661F /* sunscreen.gif */ = {isa = PBXFileReference; lastKnownFileType = image.gif; path = sunscreen.gif; sourceTree = "<group>"; };
		C14EA52C1BB5135300B9661F /* Answer4.h */ = {isa = PBXFileReference; lastKnownFileType = sourcecode.c.h; path = Answer4.h; sourceTree = "<group>"; };
		C14EA52D1BB5138100B9661F /* Answer4.m */ = {isa = PBXFileReference; fileEncoding = 4; lastKnownFileType = sourcecode.c.objc; path = Answer4.m; sourceTree = "<group>"; };
		C14EA52F1BB51D2300B9661F /* Decision5.h */ = {isa = PBXFileReference; lastKnownFileType = sourcecode.c.h; path = Decision5.h; sourceTree = "<group>"; };
		C14EA5301BB51D3A00B9661F /* Decision5.m */ = {isa = PBXFileReference; fileEncoding = 4; lastKnownFileType = sourcecode.c.objc; path = Decision5.m; sourceTree = "<group>"; };
		C14EA5321BB5214900B9661F /* Answer5.h */ = {isa = PBXFileReference; lastKnownFileType = sourcecode.c.h; path = Answer5.h; sourceTree = "<group>"; };
		C14EA5331BB5216E00B9661F /* Answer5.m */ = {isa = PBXFileReference; fileEncoding = 4; lastKnownFileType = sourcecode.c.objc; path = Answer5.m; sourceTree = "<group>"; };
		C14EA5351BB5269900B9661F /* Decision6.h */ = {isa = PBXFileReference; lastKnownFileType = sourcecode.c.h; path = Decision6.h; sourceTree = "<group>"; };
		C14EA5361BB526AF00B9661F /* Decision6.m */ = {isa = PBXFileReference; fileEncoding = 4; lastKnownFileType = sourcecode.c.objc; path = Decision6.m; sourceTree = "<group>"; };
		C14EA5381BB52C2700B9661F /* food1.png */ = {isa = PBXFileReference; lastKnownFileType = image.png; path = food1.png; sourceTree = "<group>"; };
		C14EA53A1BB52C3A00B9661F /* food2.png */ = {isa = PBXFileReference; lastKnownFileType = image.png; path = food2.png; sourceTree = "<group>"; };
		C14EA53B1BB52C3A00B9661F /* food3.png */ = {isa = PBXFileReference; lastKnownFileType = image.png; path = food3.png; sourceTree = "<group>"; };
		C14EA53E1BB52C4E00B9661F /* plate.png */ = {isa = PBXFileReference; lastKnownFileType = image.png; path = plate.png; sourceTree = "<group>"; };
		C14EA5401BB543BE00B9661F /* Answer6.m */ = {isa = PBXFileReference; fileEncoding = 4; lastKnownFileType = sourcecode.c.objc; path = Answer6.m; sourceTree = "<group>"; };
		C14EA5421BB543D300B9661F /* Answer6.h */ = {isa = PBXFileReference; lastKnownFileType = sourcecode.c.h; path = Answer6.h; sourceTree = "<group>"; };
		E524AA1B1BA15FC5003B6AD5 /* eyes.png */ = {isa = PBXFileReference; lastKnownFileType = image.png; path = eyes.png; sourceTree = "<group>"; };
		E5258AF61BABC5CC00CD9674 /* Decision1.m */ = {isa = PBXFileReference; fileEncoding = 4; lastKnownFileType = sourcecode.c.objc; path = Decision1.m; sourceTree = "<group>"; };
		E5258AF81BABC60700CD9674 /* Decision1.h */ = {isa = PBXFileReference; lastKnownFileType = sourcecode.c.h; path = Decision1.h; sourceTree = "<group>"; };
		E5258AFA1BABCD0800CD9674 /* Answer1.m */ = {isa = PBXFileReference; fileEncoding = 4; lastKnownFileType = sourcecode.c.objc; path = Answer1.m; sourceTree = "<group>"; };
		E5258AFC1BABCD1A00CD9674 /* Answer1.h */ = {isa = PBXFileReference; lastKnownFileType = sourcecode.c.h; path = Answer1.h; sourceTree = "<group>"; };
		E5258AFD1BABD7C700CD9674 /* AudioToolbox.framework */ = {isa = PBXFileReference; lastKnownFileType = wrapper.framework; name = AudioToolbox.framework; path = System/Library/Frameworks/AudioToolbox.framework; sourceTree = SDKROOT; };
		E5258AFF1BABD8DC00CD9674 /* Explanation1.h */ = {isa = PBXFileReference; lastKnownFileType = sourcecode.c.h; path = Explanation1.h; sourceTree = "<group>"; };
		E5258B001BABD8EE00CD9674 /* Explanation1.m */ = {isa = PBXFileReference; fileEncoding = 4; lastKnownFileType = sourcecode.c.objc; path = Explanation1.m; sourceTree = "<group>"; };
		E5258B021BABDBF500CD9674 /* audio1.m4a */ = {isa = PBXFileReference; lastKnownFileType = file; path = audio1.m4a; sourceTree = "<group>"; };
		E5258B031BABF6DC00CD9674 /* Decision3.m */ = {isa = PBXFileReference; fileEncoding = 4; lastKnownFileType = sourcecode.c.objc; path = Decision3.m; sourceTree = "<group>"; };
		E5258B051BABF6F900CD9674 /* Decision3.h */ = {isa = PBXFileReference; lastKnownFileType = sourcecode.c.h; path = Decision3.h; sourceTree = "<group>"; };
		E532F3331BBA6E5A004406B8 /* Decision7.h */ = {isa = PBXFileReference; lastKnownFileType = sourcecode.c.h; path = Decision7.h; sourceTree = "<group>"; };
		E532F3341BBA6E75004406B8 /* Decision7.m */ = {isa = PBXFileReference; fileEncoding = 4; lastKnownFileType = sourcecode.c.objc; path = Decision7.m; sourceTree = "<group>"; };
		E532F3361BBA6E8B004406B8 /* Answer7.h */ = {isa = PBXFileReference; lastKnownFileType = sourcecode.c.h; path = Answer7.h; sourceTree = "<group>"; };
		E532F3371BBA6E99004406B8 /* Answer7.m */ = {isa = PBXFileReference; fileEncoding = 4; lastKnownFileType = sourcecode.c.objc; path = Answer7.m; sourceTree = "<group>"; };
		E532F3391BBA6EA8004406B8 /* Decision8.h */ = {isa = PBXFileReference; lastKnownFileType = sourcecode.c.h; path = Decision8.h; sourceTree = "<group>"; };
		E532F33A1BBA6EBC004406B8 /* Decison8.m */ = {isa = PBXFileReference; fileEncoding = 4; lastKnownFileType = sourcecode.c.objc; path = Decison8.m; sourceTree = "<group>"; };
		E532F33C1BBA6ED7004406B8 /* Answer8.h */ = {isa = PBXFileReference; lastKnownFileType = sourcecode.c.h; path = Answer8.h; sourceTree = "<group>"; };
		E532F33D1BBA6EE9004406B8 /* Answer8.m */ = {isa = PBXFileReference; fileEncoding = 4; lastKnownFileType = sourcecode.c.objc; path = Answer8.m; sourceTree = "<group>"; };
		E532F33F1BBA6F14004406B8 /* FinalSlide.h */ = {isa = PBXFileReference; lastKnownFileType = sourcecode.c.h; path = FinalSlide.h; sourceTree = "<group>"; };
		E532F3401BBA6F23004406B8 /* FinalSlide.m */ = {isa = PBXFileReference; fileEncoding = 4; lastKnownFileType = sourcecode.c.objc; path = FinalSlide.m; sourceTree = "<group>"; };
		E532F3421BBA74B5004406B8 /* applause.mp3 */ = {isa = PBXFileReference; lastKnownFileType = audio.mp3; path = applause.mp3; sourceTree = "<group>"; };
		E532F3441BBA755B004406B8 /* Explanation2.h */ = {isa = PBXFileReference; lastKnownFileType = sourcecode.c.h; path = Explanation2.h; sourceTree = "<group>"; };
		E532F3451BBA756C004406B8 /* Explanation2.m */ = {isa = PBXFileReference; fileEncoding = 4; lastKnownFileType = sourcecode.c.objc; path = Explanation2.m; sourceTree = "<group>"; };
		E532F3471BBA7582004406B8 /* Explanation3.h */ = {isa = PBXFileReference; lastKnownFileType = sourcecode.c.h; path = Explanation3.h; sourceTree = "<group>"; };
		E532F3481BBA7594004406B8 /* Explanation3.m */ = {isa = PBXFileReference; fileEncoding = 4; lastKnownFileType = sourcecode.c.objc; path = Explanation3.m; sourceTree = "<group>"; };
		E532F34A1BBA75A4004406B8 /* Explanation4.h */ = {isa = PBXFileReference; lastKnownFileType = sourcecode.c.h; path = Explanation4.h; sourceTree = "<group>"; };
		E532F34B1BBA75B4004406B8 /* Explanation4.m */ = {isa = PBXFileReference; fileEncoding = 4; lastKnownFileType = sourcecode.c.objc; path = Explanation4.m; sourceTree = "<group>"; };
		E54EFF561BC2686E00AD1EEA /* VillainAngry1.png */ = {isa = PBXFileReference; lastKnownFileType = image.png; path = VillainAngry1.png; sourceTree = "<group>"; };
		E54EFF571BC2686E00AD1EEA /* VillainFailSitting1.png */ = {isa = PBXFileReference; lastKnownFileType = image.png; path = VillainFailSitting1.png; sourceTree = "<group>"; };
		E54EFF581BC2686E00AD1EEA /* VillainFailSitting2.png */ = {isa = PBXFileReference; lastKnownFileType = image.png; path = VillainFailSitting2.png; sourceTree = "<group>"; };
		E54EFF591BC2686E00AD1EEA /* VillainFailStanding.png */ = {isa = PBXFileReference; lastKnownFileType = image.png; path = VillainFailStanding.png; sourceTree = "<group>"; };
		E54EFF5A1BC2686E00AD1EEA /* VillainSuccess.png */ = {isa = PBXFileReference; lastKnownFileType = image.png; path = VillainSuccess.png; sourceTree = "<group>"; };
		E54EFF5B1BC2686E00AD1EEA /* VillainTongue1.png */ = {isa = PBXFileReference; lastKnownFileType = image.png; path = VillainTongue1.png; sourceTree = "<group>"; };
		E560AED71BC223310060C059 /* bedroom_background.svg */ = {isa = PBXFileReference; fileEncoding = 4; lastKnownFileType = text.xml; name = bedroom_background.svg; path = Images.xcassets/Backgrounds/bedroom_background.svg; sourceTree = "<group>"; };
		E5BB4DE51BA2849800C9C7A0 /* boyFace.png */ = {isa = PBXFileReference; lastKnownFileType = image.png; path = boyFace.png; sourceTree = "<group>"; };
		E5BB4DE71BA2862D00C9C7A0 /* Character.m */ = {isa = PBXFileReference; fileEncoding = 4; lastKnownFileType = sourcecode.c.objc; path = Character.m; sourceTree = "<group>"; };
		E5BB4DE91BA2863B00C9C7A0 /* Character.h */ = {isa = PBXFileReference; lastKnownFileType = sourcecode.c.h; path = Character.h; sourceTree = "<group>"; };
		E5BB4DEA1BA2895A00C9C7A0 /* boyHair0.png */ = {isa = PBXFileReference; lastKnownFileType = image.png; path = boyHair0.png; sourceTree = "<group>"; };
		E5BB4DEC1BA2B07A00C9C7A0 /* boyHair1.png */ = {isa = PBXFileReference; lastKnownFileType = image.png; path = boyHair1.png; sourceTree = "<group>"; };
		E5BB4DED1BA2B07A00C9C7A0 /* girlFace.png */ = {isa = PBXFileReference; lastKnownFileType = image.png; path = girlFace.png; sourceTree = "<group>"; };
		E5BB4DEE1BA2B07A00C9C7A0 /* girlHair0.png */ = {isa = PBXFileReference; lastKnownFileType = image.png; path = girlHair0.png; sourceTree = "<group>"; };
		E5BB4DEF1BA2B07A00C9C7A0 /* girlHair1.png */ = {isa = PBXFileReference; lastKnownFileType = image.png; path = girlHair1.png; sourceTree = "<group>"; };
/* End PBXFileReference section */

/* Begin PBXFrameworksBuildPhase section */
		50398C941B7DBB8B00E39663 /* Frameworks */ = {
			isa = PBXFrameworksBuildPhase;
			buildActionMask = 2147483647;
			files = (
				C14EA51C1BABE49800B9661F /* AVFoundation.framework in Frameworks */,
				C14EA51A1BABE29500B9661F /* UIKit.framework in Frameworks */,
				E5258AFE1BABD7C700CD9674 /* AudioToolbox.framework in Frameworks */,
			);
			runOnlyForDeploymentPostprocessing = 0;
		};
		50398CAD1B7DBB8B00E39663 /* Frameworks */ = {
			isa = PBXFrameworksBuildPhase;
			buildActionMask = 2147483647;
			files = (
			);
			runOnlyForDeploymentPostprocessing = 0;
		};
/* End PBXFrameworksBuildPhase section */

/* Begin PBXGroup section */
		50398C8E1B7DBB8B00E39663 = {
			isa = PBXGroup;
			children = (
				C14EA51B1BABE49800B9661F /* AVFoundation.framework */,
				C14EA5191BABE29500B9661F /* UIKit.framework */,
				E5258AFD1BABD7C700CD9674 /* AudioToolbox.framework */,
				50398C991B7DBB8B00E39663 /* D_Light_Test1 */,
				50398CB31B7DBB8B00E39663 /* D_Light_Test1Tests */,
				50398C981B7DBB8B00E39663 /* Products */,
			);
			sourceTree = "<group>";
		};
		50398C981B7DBB8B00E39663 /* Products */ = {
			isa = PBXGroup;
			children = (
				50398C971B7DBB8B00E39663 /* D_Light_Test1.app */,
				50398CB01B7DBB8B00E39663 /* D_Light_Test1Tests.xctest */,
			);
			name = Products;
			sourceTree = "<group>";
		};
		50398C991B7DBB8B00E39663 /* D_Light_Test1 */ = {
			isa = PBXGroup;
			children = (
				50398C9E1B7DBB8B00E39663 /* AppDelegate.h */,
				50398C9F1B7DBB8B00E39663 /* AppDelegate.m */,
				50398CA11B7DBB8B00E39663 /* ViewController.h */,
				50398CA21B7DBB8B00E39663 /* ViewController.m */,
				50398CA41B7DBB8B00E39663 /* Main.storyboard */,
				501029631B7DF2D500118A4F /* GameLogic.h */,
				501029641B7DF2E600118A4F /* GameLogic.m */,
				E5BB4DE91BA2863B00C9C7A0 /* Character.h */,
				E5BB4DE71BA2862D00C9C7A0 /* Character.m */,
				50C292611B837C9C007944C4 /* Constants.m */,
				50C292631B837CAF007944C4 /* Constants.h */,
				508540FA1B7DD0A300CE867C /* ViewController2.h */,
				508540F81B7DCE2600CE867C /* ViewController2.m */,
				501029681B7E069F00118A4F /* ViewController3.h */,
				501029661B7E068E00118A4F /* ViewController3.m */,
				E5258AFF1BABD8DC00CD9674 /* Explanation1.h */,
				E5258B001BABD8EE00CD9674 /* Explanation1.m */,
				E532F3441BBA755B004406B8 /* Explanation2.h */,
				E532F3451BBA756C004406B8 /* Explanation2.m */,
				E532F3471BBA7582004406B8 /* Explanation3.h */,
				E532F3481BBA7594004406B8 /* Explanation3.m */,
				E532F34A1BBA75A4004406B8 /* Explanation4.h */,
				E532F34B1BBA75B4004406B8 /* Explanation4.m */,
				E5258AF81BABC60700CD9674 /* Decision1.h */,
				E5258AF61BABC5CC00CD9674 /* Decision1.m */,
				E5258AFC1BABCD1A00CD9674 /* Answer1.h */,
				E5258AFA1BABCD0800CD9674 /* Answer1.m */,
				C14EA51D1BAC039000B9661F /* Decision2.h */,
				C14EA51E1BAC03B300B9661F /* Decision2.m */,
				C14EA5221BAC03EA00B9661F /* Answer2.h */,
				C14EA5201BAC03D600B9661F /* Answer2.m */,
				E5258B051BABF6F900CD9674 /* Decision3.h */,
				E5258B031BABF6DC00CD9674 /* Decision3.m */,
				C14EA5231BB5015F00B9661F /* Answer3.h */,
				C14EA5241BB501A400B9661F /* Answer3.m */,
				C14EA5291BB50AA200B9661F /* Decision4.h */,
				C14EA5261BB50A5100B9661F /* Decision4.m */,
				C14EA52C1BB5135300B9661F /* Answer4.h */,
				C14EA52D1BB5138100B9661F /* Answer4.m */,
				C14EA52F1BB51D2300B9661F /* Decision5.h */,
				C14EA5301BB51D3A00B9661F /* Decision5.m */,
				C14EA5321BB5214900B9661F /* Answer5.h */,
				C14EA5331BB5216E00B9661F /* Answer5.m */,
				C14EA5351BB5269900B9661F /* Decision6.h */,
				C14EA5361BB526AF00B9661F /* Decision6.m */,
				C14EA5421BB543D300B9661F /* Answer6.h */,
				C14EA5401BB543BE00B9661F /* Answer6.m */,
				E532F3331BBA6E5A004406B8 /* Decision7.h */,
				E532F3341BBA6E75004406B8 /* Decision7.m */,
				E532F3361BBA6E8B004406B8 /* Answer7.h */,
				E532F3371BBA6E99004406B8 /* Answer7.m */,
				E532F3391BBA6EA8004406B8 /* Decision8.h */,
				E532F33A1BBA6EBC004406B8 /* Decison8.m */,
				E532F33C1BBA6ED7004406B8 /* Answer8.h */,
				E532F33D1BBA6EE9004406B8 /* Answer8.m */,
				E532F33F1BBA6F14004406B8 /* FinalSlide.h */,
				E532F3401BBA6F23004406B8 /* FinalSlide.m */,
				50398CA71B7DBB8B00E39663 /* Images.xcassets */,
				E54EFF561BC2686E00AD1EEA /* VillainAngry1.png */,
				E54EFF571BC2686E00AD1EEA /* VillainFailSitting1.png */,
				E54EFF581BC2686E00AD1EEA /* VillainFailSitting2.png */,
				E54EFF591BC2686E00AD1EEA /* VillainFailStanding.png */,
				E54EFF5A1BC2686E00AD1EEA /* VillainSuccess.png */,
				E54EFF5B1BC2686E00AD1EEA /* VillainTongue1.png */,
				C14EA5381BB52C2700B9661F /* food1.png */,
				C14EA53A1BB52C3A00B9661F /* food2.png */,
				C14EA53B1BB52C3A00B9661F /* food3.png */,
				C14EA53E1BB52C4E00B9661F /* plate.png */,
				E524AA1B1BA15FC5003B6AD5 /* eyes.png */,
				E5BB4DE51BA2849800C9C7A0 /* boyFace.png */,
				E5BB4DED1BA2B07A00C9C7A0 /* girlFace.png */,
				E5BB4DEA1BA2895A00C9C7A0 /* boyHair0.png */,
				E5BB4DEC1BA2B07A00C9C7A0 /* boyHair1.png */,
				E5BB4DEE1BA2B07A00C9C7A0 /* girlHair0.png */,
				E5BB4DEF1BA2B07A00C9C7A0 /* girlHair1.png */,
				508540FB1B7DD92E00CE867C /* boyBody.png */,
				508540FC1B7DD92E00CE867C /* girlBody.jpeg */,
				C14EA52A1BB50D6300B9661F /* sunscreen.gif */,
				E560AED71BC223310060C059 /* bedroom_background.svg */,
				50398CA91B7DBB8B00E39663 /* LaunchScreen.xib */,
				50398C9A1B7DBB8B00E39663 /* Supporting Files */,
			);
			path = D_Light_Test1;
			sourceTree = "<group>";
		};
		50398C9A1B7DBB8B00E39663 /* Supporting Files */ = {
			isa = PBXGroup;
			children = (
				50398C9B1B7DBB8B00E39663 /* Info.plist */,
				50398C9C1B7DBB8B00E39663 /* main.m */,
				E5258B021BABDBF500CD9674 /* audio1.m4a */,
				E532F3421BBA74B5004406B8 /* applause.mp3 */,
			);
			name = "Supporting Files";
			sourceTree = "<group>";
		};
		50398CB31B7DBB8B00E39663 /* D_Light_Test1Tests */ = {
			isa = PBXGroup;
			children = (
				50398CB61B7DBB8B00E39663 /* D_Light_Test1Tests.m */,
				50398CB41B7DBB8B00E39663 /* Supporting Files */,
			);
			path = D_Light_Test1Tests;
			sourceTree = "<group>";
		};
		50398CB41B7DBB8B00E39663 /* Supporting Files */ = {
			isa = PBXGroup;
			children = (
				50398CB51B7DBB8B00E39663 /* Info.plist */,
			);
			name = "Supporting Files";
			sourceTree = "<group>";
		};
/* End PBXGroup section */

/* Begin PBXNativeTarget section */
		50398C961B7DBB8B00E39663 /* D_Light_Test1 */ = {
			isa = PBXNativeTarget;
			buildConfigurationList = 50398CBA1B7DBB8B00E39663 /* Build configuration list for PBXNativeTarget "D_Light_Test1" */;
			buildPhases = (
				50398C931B7DBB8B00E39663 /* Sources */,
				50398C941B7DBB8B00E39663 /* Frameworks */,
				50398C951B7DBB8B00E39663 /* Resources */,
			);
			buildRules = (
			);
			dependencies = (
			);
			name = D_Light_Test1;
			productName = D_Light_Test1;
			productReference = 50398C971B7DBB8B00E39663 /* D_Light_Test1.app */;
			productType = "com.apple.product-type.application";
		};
		50398CAF1B7DBB8B00E39663 /* D_Light_Test1Tests */ = {
			isa = PBXNativeTarget;
			buildConfigurationList = 50398CBD1B7DBB8B00E39663 /* Build configuration list for PBXNativeTarget "D_Light_Test1Tests" */;
			buildPhases = (
				50398CAC1B7DBB8B00E39663 /* Sources */,
				50398CAD1B7DBB8B00E39663 /* Frameworks */,
				50398CAE1B7DBB8B00E39663 /* Resources */,
			);
			buildRules = (
			);
			dependencies = (
				50398CB21B7DBB8B00E39663 /* PBXTargetDependency */,
			);
			name = D_Light_Test1Tests;
			productName = D_Light_Test1Tests;
			productReference = 50398CB01B7DBB8B00E39663 /* D_Light_Test1Tests.xctest */;
			productType = "com.apple.product-type.bundle.unit-test";
		};
/* End PBXNativeTarget section */

/* Begin PBXProject section */
		50398C8F1B7DBB8B00E39663 /* Project object */ = {
			isa = PBXProject;
			attributes = {
				LastUpgradeCheck = 0610;
				ORGANIZATIONNAME = "Nathan Stanley";
				TargetAttributes = {
					50398C961B7DBB8B00E39663 = {
						CreatedOnToolsVersion = 6.1;
					};
					50398CAF1B7DBB8B00E39663 = {
						CreatedOnToolsVersion = 6.1;
						TestTargetID = 50398C961B7DBB8B00E39663;
					};
				};
			};
			buildConfigurationList = 50398C921B7DBB8B00E39663 /* Build configuration list for PBXProject "D_Light_Test1" */;
			compatibilityVersion = "Xcode 3.2";
			developmentRegion = English;
			hasScannedForEncodings = 0;
			knownRegions = (
				en,
				Base,
			);
			mainGroup = 50398C8E1B7DBB8B00E39663;
			productRefGroup = 50398C981B7DBB8B00E39663 /* Products */;
			projectDirPath = "";
			projectRoot = "";
			targets = (
				50398C961B7DBB8B00E39663 /* D_Light_Test1 */,
				50398CAF1B7DBB8B00E39663 /* D_Light_Test1Tests */,
			);
		};
/* End PBXProject section */

/* Begin PBXResourcesBuildPhase section */
		50398C951B7DBB8B00E39663 /* Resources */ = {
			isa = PBXResourcesBuildPhase;
			buildActionMask = 2147483647;
			files = (
				E5BB4DF31BA2B07A00C9C7A0 /* girlHair1.png in Resources */,
				E54EFF5C1BC2686E00AD1EEA /* VillainAngry1.png in Resources */,
				E532F3431BBA74B5004406B8 /* applause.mp3 in Resources */,
				C14EA5391BB52C2700B9661F /* food1.png in Resources */,
				E54EFF611BC2686E00AD1EEA /* VillainTongue1.png in Resources */,
				E5BB4DF11BA2B07A00C9C7A0 /* girlFace.png in Resources */,
				50398CA61B7DBB8B00E39663 /* Main.storyboard in Resources */,
				508540FE1B7DD92E00CE867C /* girlBody.jpeg in Resources */,
				C14EA53F1BB52C4E00B9661F /* plate.png in Resources */,
				50398CAB1B7DBB8B00E39663 /* LaunchScreen.xib in Resources */,
				E54EFF5E1BC2686E00AD1EEA /* VillainFailSitting2.png in Resources */,
				C14EA53C1BB52C3A00B9661F /* food2.png in Resources */,
				C14EA53D1BB52C3A00B9661F /* food3.png in Resources */,
				E54EFF5D1BC2686E00AD1EEA /* VillainFailSitting1.png in Resources */,
				C14EA52B1BB50D6300B9661F /* sunscreen.gif in Resources */,
				E560AED81BC223310060C059 /* bedroom_background.svg in Resources */,
				508540FD1B7DD92E00CE867C /* boyBody.png in Resources */,
				50398CA81B7DBB8B00E39663 /* Images.xcassets in Resources */,
				E524AA1C1BA15FC5003B6AD5 /* eyes.png in Resources */,
				E5BB4DE61BA2849800C9C7A0 /* boyFace.png in Resources */,
				E54EFF5F1BC2686E00AD1EEA /* VillainFailStanding.png in Resources */,
				E5BB4DF21BA2B07A00C9C7A0 /* girlHair0.png in Resources */,
				E54EFF601BC2686E00AD1EEA /* VillainSuccess.png in Resources */,
				E5BB4DEB1BA2895A00C9C7A0 /* boyHair0.png in Resources */,
				E5BB4DF01BA2B07A00C9C7A0 /* boyHair1.png in Resources */,
			);
			runOnlyForDeploymentPostprocessing = 0;
		};
		50398CAE1B7DBB8B00E39663 /* Resources */ = {
			isa = PBXResourcesBuildPhase;
			buildActionMask = 2147483647;
			files = (
			);
			runOnlyForDeploymentPostprocessing = 0;
		};
/* End PBXResourcesBuildPhase section */

/* Begin PBXSourcesBuildPhase section */
		50398C931B7DBB8B00E39663 /* Sources */ = {
			isa = PBXSourcesBuildPhase;
			buildActionMask = 2147483647;
			files = (
				E5258B011BABD8EE00CD9674 /* Explanation1.m in Sources */,
				50398CA31B7DBB8B00E39663 /* ViewController.m in Sources */,
				C14EA5371BB526AF00B9661F /* Decision6.m in Sources */,
				E532F3461BBA756C004406B8 /* Explanation2.m in Sources */,
				E5258B041BABF6DC00CD9674 /* Decision3.m in Sources */,
				C14EA5341BB5216E00B9661F /* Answer5.m in Sources */,
				508540F91B7DCE2600CE867C /* ViewController2.m in Sources */,
				501029671B7E068E00118A4F /* ViewController3.m in Sources */,
				C14EA5311BB51D3A00B9661F /* Decision5.m in Sources */,
				C14EA52E1BB5138100B9661F /* Answer4.m in Sources */,
				C14EA5411BB543BE00B9661F /* Answer6.m in Sources */,
				E532F33B1BBA6EBC004406B8 /* Decison8.m in Sources */,
				E532F34C1BBA75B4004406B8 /* Explanation4.m in Sources */,
				E532F33E1BBA6EE9004406B8 /* Answer8.m in Sources */,
				E5BB4DE81BA2862D00C9C7A0 /* Character.m in Sources */,
				501029651B7DF2E600118A4F /* GameLogic.m in Sources */,
				C14EA5251BB501A400B9661F /* Answer3.m in Sources */,
				C14EA5271BB50A5100B9661F /* Decision4.m in Sources */,
				50398CA01B7DBB8B00E39663 /* AppDelegate.m in Sources */,
				C14EA51F1BAC03B300B9661F /* Decision2.m in Sources */,
				C14EA5211BAC03D600B9661F /* Answer2.m in Sources */,
				50C292621B837C9C007944C4 /* Constants.m in Sources */,
				E532F3411BBA6F23004406B8 /* FinalSlide.m in Sources */,
				E532F3381BBA6E99004406B8 /* Answer7.m in Sources */,
				E532F3491BBA7594004406B8 /* Explanation3.m in Sources */,
				E5258AFB1BABCD0800CD9674 /* Answer1.m in Sources */,
				50398C9D1B7DBB8B00E39663 /* main.m in Sources */,
				E5258AF71BABC5CC00CD9674 /* Decision1.m in Sources */,
				E532F3351BBA6E75004406B8 /* Decision7.m in Sources */,
			);
			runOnlyForDeploymentPostprocessing = 0;
		};
		50398CAC1B7DBB8B00E39663 /* Sources */ = {
			isa = PBXSourcesBuildPhase;
			buildActionMask = 2147483647;
			files = (
				50398CB71B7DBB8B00E39663 /* D_Light_Test1Tests.m in Sources */,
			);
			runOnlyForDeploymentPostprocessing = 0;
		};
/* End PBXSourcesBuildPhase section */

/* Begin PBXTargetDependency section */
		50398CB21B7DBB8B00E39663 /* PBXTargetDependency */ = {
			isa = PBXTargetDependency;
			target = 50398C961B7DBB8B00E39663 /* D_Light_Test1 */;
			targetProxy = 50398CB11B7DBB8B00E39663 /* PBXContainerItemProxy */;
		};
/* End PBXTargetDependency section */

/* Begin PBXVariantGroup section */
		50398CA41B7DBB8B00E39663 /* Main.storyboard */ = {
			isa = PBXVariantGroup;
			children = (
				50398CA51B7DBB8B00E39663 /* Base */,
			);
			name = Main.storyboard;
			sourceTree = "<group>";
		};
		50398CA91B7DBB8B00E39663 /* LaunchScreen.xib */ = {
			isa = PBXVariantGroup;
			children = (
				50398CAA1B7DBB8B00E39663 /* Base */,
			);
			name = LaunchScreen.xib;
			sourceTree = "<group>";
		};
/* End PBXVariantGroup section */

/* Begin XCBuildConfiguration section */
		50398CB81B7DBB8B00E39663 /* Debug */ = {
			isa = XCBuildConfiguration;
			buildSettings = {
				ALWAYS_SEARCH_USER_PATHS = NO;
				CLANG_CXX_LANGUAGE_STANDARD = "gnu++0x";
				CLANG_CXX_LIBRARY = "libc++";
				CLANG_ENABLE_MODULES = YES;
				CLANG_ENABLE_OBJC_ARC = YES;
				CLANG_WARN_BOOL_CONVERSION = YES;
				CLANG_WARN_CONSTANT_CONVERSION = YES;
				CLANG_WARN_DIRECT_OBJC_ISA_USAGE = YES_ERROR;
				CLANG_WARN_EMPTY_BODY = YES;
				CLANG_WARN_ENUM_CONVERSION = YES;
				CLANG_WARN_INT_CONVERSION = YES;
				CLANG_WARN_OBJC_ROOT_CLASS = YES_ERROR;
				CLANG_WARN_UNREACHABLE_CODE = YES;
				CLANG_WARN__DUPLICATE_METHOD_MATCH = YES;
				"CODE_SIGN_IDENTITY[sdk=iphoneos*]" = "iPhone Developer";
				COPY_PHASE_STRIP = NO;
				ENABLE_STRICT_OBJC_MSGSEND = YES;
				GCC_C_LANGUAGE_STANDARD = gnu99;
				GCC_DYNAMIC_NO_PIC = NO;
				GCC_OPTIMIZATION_LEVEL = 0;
				GCC_PREPROCESSOR_DEFINITIONS = (
					"DEBUG=1",
					"$(inherited)",
				);
				GCC_SYMBOLS_PRIVATE_EXTERN = NO;
				GCC_WARN_64_TO_32_BIT_CONVERSION = YES;
				GCC_WARN_ABOUT_RETURN_TYPE = YES_ERROR;
				GCC_WARN_UNDECLARED_SELECTOR = YES;
				GCC_WARN_UNINITIALIZED_AUTOS = YES_AGGRESSIVE;
				GCC_WARN_UNUSED_FUNCTION = YES;
				GCC_WARN_UNUSED_VARIABLE = YES;
				IPHONEOS_DEPLOYMENT_TARGET = 8.1;
				MTL_ENABLE_DEBUG_INFO = YES;
				ONLY_ACTIVE_ARCH = YES;
				SDKROOT = iphoneos;
				TARGETED_DEVICE_FAMILY = "1,2";
			};
			name = Debug;
		};
		50398CB91B7DBB8B00E39663 /* Release */ = {
			isa = XCBuildConfiguration;
			buildSettings = {
				ALWAYS_SEARCH_USER_PATHS = NO;
				CLANG_CXX_LANGUAGE_STANDARD = "gnu++0x";
				CLANG_CXX_LIBRARY = "libc++";
				CLANG_ENABLE_MODULES = YES;
				CLANG_ENABLE_OBJC_ARC = YES;
				CLANG_WARN_BOOL_CONVERSION = YES;
				CLANG_WARN_CONSTANT_CONVERSION = YES;
				CLANG_WARN_DIRECT_OBJC_ISA_USAGE = YES_ERROR;
				CLANG_WARN_EMPTY_BODY = YES;
				CLANG_WARN_ENUM_CONVERSION = YES;
				CLANG_WARN_INT_CONVERSION = YES;
				CLANG_WARN_OBJC_ROOT_CLASS = YES_ERROR;
				CLANG_WARN_UNREACHABLE_CODE = YES;
				CLANG_WARN__DUPLICATE_METHOD_MATCH = YES;
				"CODE_SIGN_IDENTITY[sdk=iphoneos*]" = "iPhone Developer";
				COPY_PHASE_STRIP = YES;
				ENABLE_NS_ASSERTIONS = NO;
				ENABLE_STRICT_OBJC_MSGSEND = YES;
				GCC_C_LANGUAGE_STANDARD = gnu99;
				GCC_WARN_64_TO_32_BIT_CONVERSION = YES;
				GCC_WARN_ABOUT_RETURN_TYPE = YES_ERROR;
				GCC_WARN_UNDECLARED_SELECTOR = YES;
				GCC_WARN_UNINITIALIZED_AUTOS = YES_AGGRESSIVE;
				GCC_WARN_UNUSED_FUNCTION = YES;
				GCC_WARN_UNUSED_VARIABLE = YES;
				IPHONEOS_DEPLOYMENT_TARGET = 8.1;
				MTL_ENABLE_DEBUG_INFO = NO;
				SDKROOT = iphoneos;
				TARGETED_DEVICE_FAMILY = "1,2";
				VALIDATE_PRODUCT = YES;
			};
			name = Release;
		};
		50398CBB1B7DBB8B00E39663 /* Debug */ = {
			isa = XCBuildConfiguration;
			buildSettings = {
				ASSETCATALOG_COMPILER_APPICON_NAME = AppIcon;
				INFOPLIST_FILE = D_Light_Test1/Info.plist;
				LD_RUNPATH_SEARCH_PATHS = "$(inherited) @executable_path/Frameworks";
				PRODUCT_NAME = "$(TARGET_NAME)";
				TARGETED_DEVICE_FAMILY = 2;
			};
			name = Debug;
		};
		50398CBC1B7DBB8B00E39663 /* Release */ = {
			isa = XCBuildConfiguration;
			buildSettings = {
				ASSETCATALOG_COMPILER_APPICON_NAME = AppIcon;
				INFOPLIST_FILE = D_Light_Test1/Info.plist;
				LD_RUNPATH_SEARCH_PATHS = "$(inherited) @executable_path/Frameworks";
				PRODUCT_NAME = "$(TARGET_NAME)";
				TARGETED_DEVICE_FAMILY = 2;
			};
			name = Release;
		};
		50398CBE1B7DBB8B00E39663 /* Debug */ = {
			isa = XCBuildConfiguration;
			buildSettings = {
				BUNDLE_LOADER = "$(TEST_HOST)";
				FRAMEWORK_SEARCH_PATHS = (
					"$(SDKROOT)/Developer/Library/Frameworks",
					"$(inherited)",
				);
				GCC_PREPROCESSOR_DEFINITIONS = (
					"DEBUG=1",
					"$(inherited)",
				);
				INFOPLIST_FILE = D_Light_Test1Tests/Info.plist;
				LD_RUNPATH_SEARCH_PATHS = "$(inherited) @executable_path/Frameworks @loader_path/Frameworks";
				PRODUCT_NAME = "$(TARGET_NAME)";
				TEST_HOST = "$(BUILT_PRODUCTS_DIR)/D_Light_Test1.app/D_Light_Test1";
			};
			name = Debug;
		};
		50398CBF1B7DBB8B00E39663 /* Release */ = {
			isa = XCBuildConfiguration;
			buildSettings = {
				BUNDLE_LOADER = "$(TEST_HOST)";
				FRAMEWORK_SEARCH_PATHS = (
					"$(SDKROOT)/Developer/Library/Frameworks",
					"$(inherited)",
				);
				INFOPLIST_FILE = D_Light_Test1Tests/Info.plist;
				LD_RUNPATH_SEARCH_PATHS = "$(inherited) @executable_path/Frameworks @loader_path/Frameworks";
				PRODUCT_NAME = "$(TARGET_NAME)";
				TEST_HOST = "$(BUILT_PRODUCTS_DIR)/D_Light_Test1.app/D_Light_Test1";
			};
			name = Release;
		};
/* End XCBuildConfiguration section */

/* Begin XCConfigurationList section */
		50398C921B7DBB8B00E39663 /* Build configuration list for PBXProject "D_Light_Test1" */ = {
			isa = XCConfigurationList;
			buildConfigurations = (
				50398CB81B7DBB8B00E39663 /* Debug */,
				50398CB91B7DBB8B00E39663 /* Release */,
			);
			defaultConfigurationIsVisible = 0;
			defaultConfigurationName = Release;
		};
		50398CBA1B7DBB8B00E39663 /* Build configuration list for PBXNativeTarget "D_Light_Test1" */ = {
			isa = XCConfigurationList;
			buildConfigurations = (
				50398CBB1B7DBB8B00E39663 /* Debug */,
				50398CBC1B7DBB8B00E39663 /* Release */,
			);
			defaultConfigurationIsVisible = 0;
			defaultConfigurationName = Release;
		};
		50398CBD1B7DBB8B00E39663 /* Build configuration list for PBXNativeTarget "D_Light_Test1Tests" */ = {
			isa = XCConfigurationList;
			buildConfigurations = (
				50398CBE1B7DBB8B00E39663 /* Debug */,
				50398CBF1B7DBB8B00E39663 /* Release */,
			);
			defaultConfigurationIsVisible = 0;
			defaultConfigurationName = Release;
		};
/* End XCConfigurationList section */
	};
	rootObject = 50398C8F1B7DBB8B00E39663 /* Project object */;
}
